// !$*UTF8*$!
{
	archiveVersion = 1;
	classes = {
	};
	objectVersion = 48;
	objects = {

/* Begin PBXBuildFile section */
		3BE1526714AFEDAD6A45A290 /* Pods_ARMonitoring.framework in Frameworks */ = {isa = PBXBuildFile; fileRef = 867AF9555CF4A9B43E717B61 /* Pods_ARMonitoring.framework */; };
		491EB1CB6CC39FF7D90A55B5 /* Pods_ARMonitoringTests.framework in Frameworks */ = {isa = PBXBuildFile; fileRef = 7C61C4D095806F94943F2FA7 /* Pods_ARMonitoringTests.framework */; };
		4F507E51665F2DC8178B77D7 /* Pods_ARMonitoringUITests.framework in Frameworks */ = {isa = PBXBuildFile; fileRef = E97C7D1DFB315EB0C5BB167F /* Pods_ARMonitoringUITests.framework */; };
		82816B9C205ADB9400371E3B /* User.swift in Sources */ = {isa = PBXBuildFile; fileRef = 82816B9B205ADB9400371E3B /* User.swift */; };
		82816B9F205AF05E00371E3B /* AuthenticationRestService.swift in Sources */ = {isa = PBXBuildFile; fileRef = 82816B9E205AF05E00371E3B /* AuthenticationRestService.swift */; };
		82816BA2205B167E00371E3B /* LoginDto.swift in Sources */ = {isa = PBXBuildFile; fileRef = 82816BA1205B167E00371E3B /* LoginDto.swift */; };
		82816BA4205B2A6B00371E3B /* UserInfo.swift in Sources */ = {isa = PBXBuildFile; fileRef = 82816BA3205B2A6B00371E3B /* UserInfo.swift */; };
		82816BA6205B41B800371E3B /* LoginViewController.swift in Sources */ = {isa = PBXBuildFile; fileRef = 82816BA5205B41B800371E3B /* LoginViewController.swift */; };
		82816BAA205BEF7D00371E3B /* SessionService.swift in Sources */ = {isa = PBXBuildFile; fileRef = 82816BA9205BEF7D00371E3B /* SessionService.swift */; };
		82816BAC205BF72700371E3B /* BeaconsTableViewController.swift in Sources */ = {isa = PBXBuildFile; fileRef = 82816BAB205BF72700371E3B /* BeaconsTableViewController.swift */; };
		82816BAE205BF88A00371E3B /* Beacon.swift in Sources */ = {isa = PBXBuildFile; fileRef = 82816BAD205BF88A00371E3B /* Beacon.swift */; };
		82816BB0205C073100371E3B /* BeaconLocationService.swift in Sources */ = {isa = PBXBuildFile; fileRef = 82816BAF205C073100371E3B /* BeaconLocationService.swift */; };
		82816BB2205C087300371E3B /* Vector3Extension.swift in Sources */ = {isa = PBXBuildFile; fileRef = 82816BB1205C087300371E3B /* Vector3Extension.swift */; };
		82816BB4205D088A00371E3B /* BeaconCalibrationDto.swift in Sources */ = {isa = PBXBuildFile; fileRef = 82816BB3205D088A00371E3B /* BeaconCalibrationDto.swift */; };
		82816BB92061C65600371E3B /* DBInitializer.swift in Sources */ = {isa = PBXBuildFile; fileRef = 82816BB82061C65600371E3B /* DBInitializer.swift */; };
		82816BBB2061CAE400371E3B /* BeaconDao.swift in Sources */ = {isa = PBXBuildFile; fileRef = 82816BBA2061CAE400371E3B /* BeaconDao.swift */; };
		82816BBD2061CAFC00371E3B /* BeaconDaoImpl.swift in Sources */ = {isa = PBXBuildFile; fileRef = 82816BBC2061CAFC00371E3B /* BeaconDaoImpl.swift */; };
		82816BBF2061CC3500371E3B /* ConnectionFactory.swift in Sources */ = {isa = PBXBuildFile; fileRef = 82816BBE2061CC3500371E3B /* ConnectionFactory.swift */; };
		82816BC12061D0D600371E3B /* BeaconSqliteDto.swift in Sources */ = {isa = PBXBuildFile; fileRef = 82816BC02061D0D600371E3B /* BeaconSqliteDto.swift */; };
		829422DA2069665A003936D7 /* BeaconService.swift in Sources */ = {isa = PBXBuildFile; fileRef = 829422D92069665A003936D7 /* BeaconService.swift */; };
		82B97EB1206AD171004E91D7 /* RoomForARDto.swift in Sources */ = {isa = PBXBuildFile; fileRef = 82B97EB0206AD171004E91D7 /* RoomForARDto.swift */; };
		82E5351A200FE4520049C5B4 /* ARViewController.swift in Sources */ = {isa = PBXBuildFile; fileRef = 82E53519200FE4520049C5B4 /* ARViewController.swift */; };
		82E5351E200FEC040049C5B4 /* ItemNode.swift in Sources */ = {isa = PBXBuildFile; fileRef = 82E5351D200FEC040049C5B4 /* ItemNode.swift */; };
		82E53520200FED2F0049C5B4 /* SCNVector3Extension.swift in Sources */ = {isa = PBXBuildFile; fileRef = 82E5351F200FED2F0049C5B4 /* SCNVector3Extension.swift */; };
		82E53522200FED5D0049C5B4 /* ARSCNViewExtension.swift in Sources */ = {isa = PBXBuildFile; fileRef = 82E53521200FED5D0049C5B4 /* ARSCNViewExtension.swift */; };
		82E53524200FED8E0049C5B4 /* SCNodeExtension.swift in Sources */ = {isa = PBXBuildFile; fileRef = 82E53523200FED8E0049C5B4 /* SCNodeExtension.swift */; };
		82E53527200FEFE50049C5B4 /* StompClientService.swift in Sources */ = {isa = PBXBuildFile; fileRef = 82E53526200FEFE50049C5B4 /* StompClientService.swift */; };
		82E53529201014940049C5B4 /* StompClientDelegate.swift in Sources */ = {isa = PBXBuildFile; fileRef = 82E53528201014940049C5B4 /* StompClientDelegate.swift */; };
		82E91D1320002ABC00005705 /* AppDelegate.swift in Sources */ = {isa = PBXBuildFile; fileRef = 82E91D1220002ABC00005705 /* AppDelegate.swift */; };
		82E91D1520002ABC00005705 /* art.scnassets in Resources */ = {isa = PBXBuildFile; fileRef = 82E91D1420002ABC00005705 /* art.scnassets */; };
		82E91D1A20002ABC00005705 /* Main.storyboard in Resources */ = {isa = PBXBuildFile; fileRef = 82E91D1820002ABC00005705 /* Main.storyboard */; };
		82E91D1C20002ABC00005705 /* Assets.xcassets in Resources */ = {isa = PBXBuildFile; fileRef = 82E91D1B20002ABC00005705 /* Assets.xcassets */; };
		82E91D1F20002ABC00005705 /* LaunchScreen.storyboard in Resources */ = {isa = PBXBuildFile; fileRef = 82E91D1D20002ABC00005705 /* LaunchScreen.storyboard */; };
		82E91D2A20002ABC00005705 /* ARMonitoringTests.swift in Sources */ = {isa = PBXBuildFile; fileRef = 82E91D2920002ABC00005705 /* ARMonitoringTests.swift */; };
		82E91D3520002ABC00005705 /* ARMonitoringUITests.swift in Sources */ = {isa = PBXBuildFile; fileRef = 82E91D3420002ABC00005705 /* ARMonitoringUITests.swift */; };
		82E91D4820004BE500005705 /* DataLog.swift in Sources */ = {isa = PBXBuildFile; fileRef = 82E91D4720004BE500005705 /* DataLog.swift */; };
		82EBE7B5201107D5003DCB7E /* Item.swift in Sources */ = {isa = PBXBuildFile; fileRef = 82EBE7B4201107D5003DCB7E /* Item.swift */; };
		82EBE7B720110DE9003DCB7E /* Room.swift in Sources */ = {isa = PBXBuildFile; fileRef = 82EBE7B620110DE9003DCB7E /* Room.swift */; };
		82EBE7B920111B50003DCB7E /* StringExtension.swift in Sources */ = {isa = PBXBuildFile; fileRef = 82EBE7B820111B50003DCB7E /* StringExtension.swift */; };
		82EBE7BC201159B1003DCB7E /* Information.swift in Sources */ = {isa = PBXBuildFile; fileRef = 82EBE7BB201159B1003DCB7E /* Information.swift */; };
		82EBE7BE201DFF8F003DCB7E /* UIImageViewExtension.swift in Sources */ = {isa = PBXBuildFile; fileRef = 82EBE7BD201DFF8F003DCB7E /* UIImageViewExtension.swift */; };
/* End PBXBuildFile section */

/* Begin PBXContainerItemProxy section */
		82E91D2620002ABC00005705 /* PBXContainerItemProxy */ = {
			isa = PBXContainerItemProxy;
			containerPortal = 82E91D0720002ABC00005705 /* Project object */;
			proxyType = 1;
			remoteGlobalIDString = 82E91D0E20002ABC00005705;
			remoteInfo = ARMonitoring;
		};
		82E91D3120002ABC00005705 /* PBXContainerItemProxy */ = {
			isa = PBXContainerItemProxy;
			containerPortal = 82E91D0720002ABC00005705 /* Project object */;
			proxyType = 1;
			remoteGlobalIDString = 82E91D0E20002ABC00005705;
			remoteInfo = ARMonitoring;
		};
/* End PBXContainerItemProxy section */

/* Begin PBXFileReference section */
		245F119FF2755A99F08448D9 /* Pods-ARMonitoringTests.debug.xcconfig */ = {isa = PBXFileReference; includeInIndex = 1; lastKnownFileType = text.xcconfig; name = "Pods-ARMonitoringTests.debug.xcconfig"; path = "Pods/Target Support Files/Pods-ARMonitoringTests/Pods-ARMonitoringTests.debug.xcconfig"; sourceTree = "<group>"; };
		27A5A8D54E89F60A827A9956 /* Pods-ARMonitoring.debug.xcconfig */ = {isa = PBXFileReference; includeInIndex = 1; lastKnownFileType = text.xcconfig; name = "Pods-ARMonitoring.debug.xcconfig"; path = "Pods/Target Support Files/Pods-ARMonitoring/Pods-ARMonitoring.debug.xcconfig"; sourceTree = "<group>"; };
		7C61C4D095806F94943F2FA7 /* Pods_ARMonitoringTests.framework */ = {isa = PBXFileReference; explicitFileType = wrapper.framework; includeInIndex = 0; path = Pods_ARMonitoringTests.framework; sourceTree = BUILT_PRODUCTS_DIR; };
		82816B9B205ADB9400371E3B /* User.swift */ = {isa = PBXFileReference; lastKnownFileType = sourcecode.swift; path = User.swift; sourceTree = "<group>"; };
		82816B9E205AF05E00371E3B /* AuthenticationRestService.swift */ = {isa = PBXFileReference; lastKnownFileType = sourcecode.swift; path = AuthenticationRestService.swift; sourceTree = "<group>"; };
		82816BA1205B167E00371E3B /* LoginDto.swift */ = {isa = PBXFileReference; lastKnownFileType = sourcecode.swift; path = LoginDto.swift; sourceTree = "<group>"; };
		82816BA3205B2A6B00371E3B /* UserInfo.swift */ = {isa = PBXFileReference; lastKnownFileType = sourcecode.swift; path = UserInfo.swift; sourceTree = "<group>"; };
		82816BA5205B41B800371E3B /* LoginViewController.swift */ = {isa = PBXFileReference; lastKnownFileType = sourcecode.swift; path = LoginViewController.swift; sourceTree = "<group>"; };
		82816BA9205BEF7D00371E3B /* SessionService.swift */ = {isa = PBXFileReference; lastKnownFileType = sourcecode.swift; path = SessionService.swift; sourceTree = "<group>"; };
		82816BAB205BF72700371E3B /* BeaconsTableViewController.swift */ = {isa = PBXFileReference; lastKnownFileType = sourcecode.swift; path = BeaconsTableViewController.swift; sourceTree = "<group>"; };
		82816BAD205BF88A00371E3B /* Beacon.swift */ = {isa = PBXFileReference; lastKnownFileType = sourcecode.swift; path = Beacon.swift; sourceTree = "<group>"; };
		82816BAF205C073100371E3B /* BeaconLocationService.swift */ = {isa = PBXFileReference; lastKnownFileType = sourcecode.swift; path = BeaconLocationService.swift; sourceTree = "<group>"; };
		82816BB1205C087300371E3B /* Vector3Extension.swift */ = {isa = PBXFileReference; lastKnownFileType = sourcecode.swift; path = Vector3Extension.swift; sourceTree = "<group>"; };
		82816BB3205D088A00371E3B /* BeaconCalibrationDto.swift */ = {isa = PBXFileReference; lastKnownFileType = sourcecode.swift; path = BeaconCalibrationDto.swift; sourceTree = "<group>"; };
		82816BB82061C65600371E3B /* DBInitializer.swift */ = {isa = PBXFileReference; lastKnownFileType = sourcecode.swift; path = DBInitializer.swift; sourceTree = "<group>"; };
		82816BBA2061CAE400371E3B /* BeaconDao.swift */ = {isa = PBXFileReference; lastKnownFileType = sourcecode.swift; path = BeaconDao.swift; sourceTree = "<group>"; };
		82816BBC2061CAFC00371E3B /* BeaconDaoImpl.swift */ = {isa = PBXFileReference; lastKnownFileType = sourcecode.swift; path = BeaconDaoImpl.swift; sourceTree = "<group>"; };
		82816BBE2061CC3500371E3B /* ConnectionFactory.swift */ = {isa = PBXFileReference; lastKnownFileType = sourcecode.swift; path = ConnectionFactory.swift; sourceTree = "<group>"; };
		82816BC02061D0D600371E3B /* BeaconSqliteDto.swift */ = {isa = PBXFileReference; lastKnownFileType = sourcecode.swift; path = BeaconSqliteDto.swift; sourceTree = "<group>"; };
		829422D92069665A003936D7 /* BeaconService.swift */ = {isa = PBXFileReference; lastKnownFileType = sourcecode.swift; path = BeaconService.swift; sourceTree = "<group>"; };
		82B97EB0206AD171004E91D7 /* RoomForARDto.swift */ = {isa = PBXFileReference; lastKnownFileType = sourcecode.swift; path = RoomForARDto.swift; sourceTree = "<group>"; };
		82E53519200FE4520049C5B4 /* ARViewController.swift */ = {isa = PBXFileReference; lastKnownFileType = sourcecode.swift; path = ARViewController.swift; sourceTree = "<group>"; };
		82E5351D200FEC040049C5B4 /* ItemNode.swift */ = {isa = PBXFileReference; lastKnownFileType = sourcecode.swift; path = ItemNode.swift; sourceTree = "<group>"; };
		82E5351F200FED2F0049C5B4 /* SCNVector3Extension.swift */ = {isa = PBXFileReference; lastKnownFileType = sourcecode.swift; path = SCNVector3Extension.swift; sourceTree = "<group>"; };
		82E53521200FED5D0049C5B4 /* ARSCNViewExtension.swift */ = {isa = PBXFileReference; lastKnownFileType = sourcecode.swift; path = ARSCNViewExtension.swift; sourceTree = "<group>"; };
		82E53523200FED8E0049C5B4 /* SCNodeExtension.swift */ = {isa = PBXFileReference; lastKnownFileType = sourcecode.swift; path = SCNodeExtension.swift; sourceTree = "<group>"; };
		82E53526200FEFE50049C5B4 /* StompClientService.swift */ = {isa = PBXFileReference; lastKnownFileType = sourcecode.swift; path = StompClientService.swift; sourceTree = "<group>"; };
		82E53528201014940049C5B4 /* StompClientDelegate.swift */ = {isa = PBXFileReference; lastKnownFileType = sourcecode.swift; path = StompClientDelegate.swift; sourceTree = "<group>"; };
		82E91D0F20002ABC00005705 /* ARMonitoring.app */ = {isa = PBXFileReference; explicitFileType = wrapper.application; includeInIndex = 0; path = ARMonitoring.app; sourceTree = BUILT_PRODUCTS_DIR; };
		82E91D1220002ABC00005705 /* AppDelegate.swift */ = {isa = PBXFileReference; lastKnownFileType = sourcecode.swift; path = AppDelegate.swift; sourceTree = "<group>"; };
		82E91D1420002ABC00005705 /* art.scnassets */ = {isa = PBXFileReference; lastKnownFileType = wrapper.scnassets; path = art.scnassets; sourceTree = "<group>"; };
		82E91D1920002ABC00005705 /* Base */ = {isa = PBXFileReference; lastKnownFileType = file.storyboard; name = Base; path = Base.lproj/Main.storyboard; sourceTree = "<group>"; };
		82E91D1B20002ABC00005705 /* Assets.xcassets */ = {isa = PBXFileReference; lastKnownFileType = folder.assetcatalog; path = Assets.xcassets; sourceTree = "<group>"; };
		82E91D1E20002ABC00005705 /* Base */ = {isa = PBXFileReference; lastKnownFileType = file.storyboard; name = Base; path = Base.lproj/LaunchScreen.storyboard; sourceTree = "<group>"; };
		82E91D2020002ABC00005705 /* Info.plist */ = {isa = PBXFileReference; lastKnownFileType = text.plist.xml; path = Info.plist; sourceTree = "<group>"; };
		82E91D2520002ABC00005705 /* ARMonitoringTests.xctest */ = {isa = PBXFileReference; explicitFileType = wrapper.cfbundle; includeInIndex = 0; path = ARMonitoringTests.xctest; sourceTree = BUILT_PRODUCTS_DIR; };
		82E91D2920002ABC00005705 /* ARMonitoringTests.swift */ = {isa = PBXFileReference; lastKnownFileType = sourcecode.swift; path = ARMonitoringTests.swift; sourceTree = "<group>"; };
		82E91D2B20002ABC00005705 /* Info.plist */ = {isa = PBXFileReference; lastKnownFileType = text.plist.xml; path = Info.plist; sourceTree = "<group>"; };
		82E91D3020002ABC00005705 /* ARMonitoringUITests.xctest */ = {isa = PBXFileReference; explicitFileType = wrapper.cfbundle; includeInIndex = 0; path = ARMonitoringUITests.xctest; sourceTree = BUILT_PRODUCTS_DIR; };
		82E91D3420002ABC00005705 /* ARMonitoringUITests.swift */ = {isa = PBXFileReference; lastKnownFileType = sourcecode.swift; path = ARMonitoringUITests.swift; sourceTree = "<group>"; };
		82E91D3620002ABC00005705 /* Info.plist */ = {isa = PBXFileReference; lastKnownFileType = text.plist.xml; path = Info.plist; sourceTree = "<group>"; };
		82E91D4720004BE500005705 /* DataLog.swift */ = {isa = PBXFileReference; lastKnownFileType = sourcecode.swift; path = DataLog.swift; sourceTree = "<group>"; };
		82EBE7B4201107D5003DCB7E /* Item.swift */ = {isa = PBXFileReference; lastKnownFileType = sourcecode.swift; path = Item.swift; sourceTree = "<group>"; };
		82EBE7B620110DE9003DCB7E /* Room.swift */ = {isa = PBXFileReference; lastKnownFileType = sourcecode.swift; path = Room.swift; sourceTree = "<group>"; };
		82EBE7B820111B50003DCB7E /* StringExtension.swift */ = {isa = PBXFileReference; lastKnownFileType = sourcecode.swift; path = StringExtension.swift; sourceTree = "<group>"; };
		82EBE7BB201159B1003DCB7E /* Information.swift */ = {isa = PBXFileReference; lastKnownFileType = sourcecode.swift; path = Information.swift; sourceTree = "<group>"; };
		82EBE7BD201DFF8F003DCB7E /* UIImageViewExtension.swift */ = {isa = PBXFileReference; lastKnownFileType = sourcecode.swift; path = UIImageViewExtension.swift; sourceTree = "<group>"; };
		867AF9555CF4A9B43E717B61 /* Pods_ARMonitoring.framework */ = {isa = PBXFileReference; explicitFileType = wrapper.framework; includeInIndex = 0; path = Pods_ARMonitoring.framework; sourceTree = BUILT_PRODUCTS_DIR; };
		8F8BDCFDA6B73D31A23F5634 /* Pods-ARMonitoringUITests.release.xcconfig */ = {isa = PBXFileReference; includeInIndex = 1; lastKnownFileType = text.xcconfig; name = "Pods-ARMonitoringUITests.release.xcconfig"; path = "Pods/Target Support Files/Pods-ARMonitoringUITests/Pods-ARMonitoringUITests.release.xcconfig"; sourceTree = "<group>"; };
		A018690E0524F688EADD6C17 /* Pods-ARMonitoringTests.release.xcconfig */ = {isa = PBXFileReference; includeInIndex = 1; lastKnownFileType = text.xcconfig; name = "Pods-ARMonitoringTests.release.xcconfig"; path = "Pods/Target Support Files/Pods-ARMonitoringTests/Pods-ARMonitoringTests.release.xcconfig"; sourceTree = "<group>"; };
		A6AE96F6944040492F9B42BA /* Pods-ARMonitoringUITests.debug.xcconfig */ = {isa = PBXFileReference; includeInIndex = 1; lastKnownFileType = text.xcconfig; name = "Pods-ARMonitoringUITests.debug.xcconfig"; path = "Pods/Target Support Files/Pods-ARMonitoringUITests/Pods-ARMonitoringUITests.debug.xcconfig"; sourceTree = "<group>"; };
		DB7DF5825DE044963DE2A8B5 /* Pods-ARMonitoring.release.xcconfig */ = {isa = PBXFileReference; includeInIndex = 1; lastKnownFileType = text.xcconfig; name = "Pods-ARMonitoring.release.xcconfig"; path = "Pods/Target Support Files/Pods-ARMonitoring/Pods-ARMonitoring.release.xcconfig"; sourceTree = "<group>"; };
		E97C7D1DFB315EB0C5BB167F /* Pods_ARMonitoringUITests.framework */ = {isa = PBXFileReference; explicitFileType = wrapper.framework; includeInIndex = 0; path = Pods_ARMonitoringUITests.framework; sourceTree = BUILT_PRODUCTS_DIR; };
/* End PBXFileReference section */

/* Begin PBXFrameworksBuildPhase section */
		82E91D0C20002ABC00005705 /* Frameworks */ = {
			isa = PBXFrameworksBuildPhase;
			buildActionMask = 2147483647;
			files = (
				3BE1526714AFEDAD6A45A290 /* Pods_ARMonitoring.framework in Frameworks */,
			);
			runOnlyForDeploymentPostprocessing = 0;
		};
		82E91D2220002ABC00005705 /* Frameworks */ = {
			isa = PBXFrameworksBuildPhase;
			buildActionMask = 2147483647;
			files = (
				491EB1CB6CC39FF7D90A55B5 /* Pods_ARMonitoringTests.framework in Frameworks */,
			);
			runOnlyForDeploymentPostprocessing = 0;
		};
		82E91D2D20002ABC00005705 /* Frameworks */ = {
			isa = PBXFrameworksBuildPhase;
			buildActionMask = 2147483647;
			files = (
				4F507E51665F2DC8178B77D7 /* Pods_ARMonitoringUITests.framework in Frameworks */,
			);
			runOnlyForDeploymentPostprocessing = 0;
		};
/* End PBXFrameworksBuildPhase section */

/* Begin PBXGroup section */
		61366735142637CB0C74AAF8 /* Frameworks */ = {
			isa = PBXGroup;
			children = (
				867AF9555CF4A9B43E717B61 /* Pods_ARMonitoring.framework */,
				7C61C4D095806F94943F2FA7 /* Pods_ARMonitoringTests.framework */,
				E97C7D1DFB315EB0C5BB167F /* Pods_ARMonitoringUITests.framework */,
			);
			name = Frameworks;
			sourceTree = "<group>";
		};
		6F424D8453F9A57D29DF7B7C /* Pods */ = {
			isa = PBXGroup;
			children = (
				27A5A8D54E89F60A827A9956 /* Pods-ARMonitoring.debug.xcconfig */,
				DB7DF5825DE044963DE2A8B5 /* Pods-ARMonitoring.release.xcconfig */,
				245F119FF2755A99F08448D9 /* Pods-ARMonitoringTests.debug.xcconfig */,
				A018690E0524F688EADD6C17 /* Pods-ARMonitoringTests.release.xcconfig */,
				A6AE96F6944040492F9B42BA /* Pods-ARMonitoringUITests.debug.xcconfig */,
				8F8BDCFDA6B73D31A23F5634 /* Pods-ARMonitoringUITests.release.xcconfig */,
			);
			name = Pods;
			sourceTree = "<group>";
		};
		82816BA0205B166600371E3B /* Dto */ = {
			isa = PBXGroup;
			children = (
				82816BA1205B167E00371E3B /* LoginDto.swift */,
				82816BB3205D088A00371E3B /* BeaconCalibrationDto.swift */,
				82816BC02061D0D600371E3B /* BeaconSqliteDto.swift */,
				82B97EB0206AD171004E91D7 /* RoomForARDto.swift */,
			);
			path = Dto;
			sourceTree = "<group>";
		};
		82816BB72061C5B400371E3B /* Dao */ = {
			isa = PBXGroup;
			children = (
				82816BB82061C65600371E3B /* DBInitializer.swift */,
				82816BBA2061CAE400371E3B /* BeaconDao.swift */,
				82816BBC2061CAFC00371E3B /* BeaconDaoImpl.swift */,
				82816BBE2061CC3500371E3B /* ConnectionFactory.swift */,
			);
			path = Dao;
			sourceTree = "<group>";
		};
		82816BC22061DB7900371E3B /* Documents */ = {
			isa = PBXGroup;
			children = (
			);
			path = Documents;
			sourceTree = "<group>";
		};
		82816BC52061DEAE00371E3B /* Rest */ = {
			isa = PBXGroup;
			children = (
				82816B9E205AF05E00371E3B /* AuthenticationRestService.swift */,
			);
			path = Rest;
			sourceTree = "<group>";
		};
		82E53518200FE4160049C5B4 /* Controller */ = {
			isa = PBXGroup;
			children = (
				82E53519200FE4520049C5B4 /* ARViewController.swift */,
				82816BA5205B41B800371E3B /* LoginViewController.swift */,
				82816BAB205BF72700371E3B /* BeaconsTableViewController.swift */,
			);
			path = Controller;
			sourceTree = "<group>";
		};
		82E5351B200FEB3B0049C5B4 /* Extensions */ = {
			isa = PBXGroup;
			children = (
				82E5351F200FED2F0049C5B4 /* SCNVector3Extension.swift */,
				82E53521200FED5D0049C5B4 /* ARSCNViewExtension.swift */,
				82E53523200FED8E0049C5B4 /* SCNodeExtension.swift */,
				82EBE7B820111B50003DCB7E /* StringExtension.swift */,
				82EBE7BD201DFF8F003DCB7E /* UIImageViewExtension.swift */,
				82816BB1205C087300371E3B /* Vector3Extension.swift */,
			);
			path = Extensions;
			sourceTree = "<group>";
		};
		82E53525200FEFBB0049C5B4 /* Service */ = {
			isa = PBXGroup;
			children = (
				82816BC52061DEAE00371E3B /* Rest */,
				82E53526200FEFE50049C5B4 /* StompClientService.swift */,
				82E53528201014940049C5B4 /* StompClientDelegate.swift */,
				82816BA9205BEF7D00371E3B /* SessionService.swift */,
				82816BAF205C073100371E3B /* BeaconLocationService.swift */,
				829422D92069665A003936D7 /* BeaconService.swift */,
			);
			path = Service;
			sourceTree = "<group>";
		};
		82E91D0620002ABC00005705 = {
			isa = PBXGroup;
			children = (
				82E91D1120002ABC00005705 /* ARMonitoring */,
				82E91D2820002ABC00005705 /* ARMonitoringTests */,
				82E91D3320002ABC00005705 /* ARMonitoringUITests */,
				82E91D1020002ABC00005705 /* Products */,
				6F424D8453F9A57D29DF7B7C /* Pods */,
				61366735142637CB0C74AAF8 /* Frameworks */,
			);
			sourceTree = "<group>";
		};
		82E91D1020002ABC00005705 /* Products */ = {
			isa = PBXGroup;
			children = (
				82E91D0F20002ABC00005705 /* ARMonitoring.app */,
				82E91D2520002ABC00005705 /* ARMonitoringTests.xctest */,
				82E91D3020002ABC00005705 /* ARMonitoringUITests.xctest */,
			);
			name = Products;
			sourceTree = "<group>";
		};
		82E91D1120002ABC00005705 /* ARMonitoring */ = {
			isa = PBXGroup;
			children = (
				82816BC22061DB7900371E3B /* Documents */,
				82816BB72061C5B400371E3B /* Dao */,
				82816BA0205B166600371E3B /* Dto */,
				82E53525200FEFBB0049C5B4 /* Service */,
				82E5351B200FEB3B0049C5B4 /* Extensions */,
				82E53518200FE4160049C5B4 /* Controller */,
				82E91D44200036A000005705 /* Model */,
				82E91D1220002ABC00005705 /* AppDelegate.swift */,
				82E91D1420002ABC00005705 /* art.scnassets */,
				82E91D1820002ABC00005705 /* Main.storyboard */,
				82E91D1B20002ABC00005705 /* Assets.xcassets */,
				82E91D1D20002ABC00005705 /* LaunchScreen.storyboard */,
				82E91D2020002ABC00005705 /* Info.plist */,
			);
			path = ARMonitoring;
			sourceTree = "<group>";
		};
		82E91D2820002ABC00005705 /* ARMonitoringTests */ = {
			isa = PBXGroup;
			children = (
				82E91D2920002ABC00005705 /* ARMonitoringTests.swift */,
				82E91D2B20002ABC00005705 /* Info.plist */,
			);
			path = ARMonitoringTests;
			sourceTree = "<group>";
		};
		82E91D3320002ABC00005705 /* ARMonitoringUITests */ = {
			isa = PBXGroup;
			children = (
				82E91D3420002ABC00005705 /* ARMonitoringUITests.swift */,
				82E91D3620002ABC00005705 /* Info.plist */,
			);
			path = ARMonitoringUITests;
			sourceTree = "<group>";
		};
		82E91D44200036A000005705 /* Model */ = {
			isa = PBXGroup;
			children = (
				82E91D4720004BE500005705 /* DataLog.swift */,
				82E5351D200FEC040049C5B4 /* ItemNode.swift */,
				82EBE7B4201107D5003DCB7E /* Item.swift */,
				82EBE7B620110DE9003DCB7E /* Room.swift */,
				82EBE7BB201159B1003DCB7E /* Information.swift */,
				82816B9B205ADB9400371E3B /* User.swift */,
				82816BA3205B2A6B00371E3B /* UserInfo.swift */,
				82816BAD205BF88A00371E3B /* Beacon.swift */,
			);
			path = Model;
			sourceTree = "<group>";
		};
/* End PBXGroup section */

/* Begin PBXNativeTarget section */
		82E91D0E20002ABC00005705 /* ARMonitoring */ = {
			isa = PBXNativeTarget;
			buildConfigurationList = 82E91D3920002ABC00005705 /* Build configuration list for PBXNativeTarget "ARMonitoring" */;
			buildPhases = (
				63E917412CBDDFA6413C5BD2 /* [CP] Check Pods Manifest.lock */,
				82E91D0B20002ABC00005705 /* Sources */,
				82E91D0C20002ABC00005705 /* Frameworks */,
				82E91D0D20002ABC00005705 /* Resources */,
				018C54CFEACD3E4F0D011AF1 /* [CP] Embed Pods Frameworks */,
				0E2567ED4AE5B0E4FBC61C8C /* [CP] Copy Pods Resources */,
			);
			buildRules = (
			);
			dependencies = (
			);
			name = ARMonitoring;
			productName = ARMonitoring;
			productReference = 82E91D0F20002ABC00005705 /* ARMonitoring.app */;
			productType = "com.apple.product-type.application";
		};
		82E91D2420002ABC00005705 /* ARMonitoringTests */ = {
			isa = PBXNativeTarget;
			buildConfigurationList = 82E91D3C20002ABC00005705 /* Build configuration list for PBXNativeTarget "ARMonitoringTests" */;
			buildPhases = (
				364716DC78725EFB35DBA2B2 /* [CP] Check Pods Manifest.lock */,
				82E91D2120002ABC00005705 /* Sources */,
				82E91D2220002ABC00005705 /* Frameworks */,
				82E91D2320002ABC00005705 /* Resources */,
				B33F3EF421DBA8A5539BE548 /* [CP] Embed Pods Frameworks */,
				5E7FB13433FBE67E2DFB3C41 /* [CP] Copy Pods Resources */,
			);
			buildRules = (
			);
			dependencies = (
				82E91D2720002ABC00005705 /* PBXTargetDependency */,
			);
			name = ARMonitoringTests;
			productName = ARMonitoringTests;
			productReference = 82E91D2520002ABC00005705 /* ARMonitoringTests.xctest */;
			productType = "com.apple.product-type.bundle.unit-test";
		};
		82E91D2F20002ABC00005705 /* ARMonitoringUITests */ = {
			isa = PBXNativeTarget;
			buildConfigurationList = 82E91D3F20002ABC00005705 /* Build configuration list for PBXNativeTarget "ARMonitoringUITests" */;
			buildPhases = (
				2797522DF355789784FA1427 /* [CP] Check Pods Manifest.lock */,
				82E91D2C20002ABC00005705 /* Sources */,
				82E91D2D20002ABC00005705 /* Frameworks */,
				82E91D2E20002ABC00005705 /* Resources */,
				26C8E23B119048C7CB361051 /* [CP] Embed Pods Frameworks */,
				B5806CFDE0DB7C55A9AAF757 /* [CP] Copy Pods Resources */,
			);
			buildRules = (
			);
			dependencies = (
				82E91D3220002ABC00005705 /* PBXTargetDependency */,
			);
			name = ARMonitoringUITests;
			productName = ARMonitoringUITests;
			productReference = 82E91D3020002ABC00005705 /* ARMonitoringUITests.xctest */;
			productType = "com.apple.product-type.bundle.ui-testing";
		};
/* End PBXNativeTarget section */

/* Begin PBXProject section */
		82E91D0720002ABC00005705 /* Project object */ = {
			isa = PBXProject;
			attributes = {
				LastSwiftUpdateCheck = 0920;
				LastUpgradeCheck = 0930;
				ORGANIZATIONNAME = "Ludovic Marchand";
				TargetAttributes = {
					82E91D0E20002ABC00005705 = {
						CreatedOnToolsVersion = 9.2;
						ProvisioningStyle = Automatic;
					};
					82E91D2420002ABC00005705 = {
						CreatedOnToolsVersion = 9.2;
						ProvisioningStyle = Automatic;
						TestTargetID = 82E91D0E20002ABC00005705;
					};
					82E91D2F20002ABC00005705 = {
						CreatedOnToolsVersion = 9.2;
						ProvisioningStyle = Automatic;
						TestTargetID = 82E91D0E20002ABC00005705;
					};
				};
			};
			buildConfigurationList = 82E91D0A20002ABC00005705 /* Build configuration list for PBXProject "ARMonitoring" */;
			compatibilityVersion = "Xcode 8.0";
			developmentRegion = en;
			hasScannedForEncodings = 0;
			knownRegions = (
				en,
				Base,
			);
			mainGroup = 82E91D0620002ABC00005705;
			productRefGroup = 82E91D1020002ABC00005705 /* Products */;
			projectDirPath = "";
			projectRoot = "";
			targets = (
				82E91D0E20002ABC00005705 /* ARMonitoring */,
				82E91D2420002ABC00005705 /* ARMonitoringTests */,
				82E91D2F20002ABC00005705 /* ARMonitoringUITests */,
			);
		};
/* End PBXProject section */

/* Begin PBXResourcesBuildPhase section */
		82E91D0D20002ABC00005705 /* Resources */ = {
			isa = PBXResourcesBuildPhase;
			buildActionMask = 2147483647;
			files = (
				82E91D1520002ABC00005705 /* art.scnassets in Resources */,
				82E91D1F20002ABC00005705 /* LaunchScreen.storyboard in Resources */,
				82E91D1C20002ABC00005705 /* Assets.xcassets in Resources */,
				82E91D1A20002ABC00005705 /* Main.storyboard in Resources */,
			);
			runOnlyForDeploymentPostprocessing = 0;
		};
		82E91D2320002ABC00005705 /* Resources */ = {
			isa = PBXResourcesBuildPhase;
			buildActionMask = 2147483647;
			files = (
			);
			runOnlyForDeploymentPostprocessing = 0;
		};
		82E91D2E20002ABC00005705 /* Resources */ = {
			isa = PBXResourcesBuildPhase;
			buildActionMask = 2147483647;
			files = (
			);
			runOnlyForDeploymentPostprocessing = 0;
		};
/* End PBXResourcesBuildPhase section */

/* Begin PBXShellScriptBuildPhase section */
		018C54CFEACD3E4F0D011AF1 /* [CP] Embed Pods Frameworks */ = {
			isa = PBXShellScriptBuildPhase;
			buildActionMask = 2147483647;
			files = (
			);
			inputPaths = (
				"${SRCROOT}/Pods/Target Support Files/Pods-ARMonitoring/Pods-ARMonitoring-frameworks.sh",
				"${BUILT_PRODUCTS_DIR}/Alamofire/Alamofire.framework",
				"${BUILT_PRODUCTS_DIR}/AlamofireObjectMapper/AlamofireObjectMapper.framework",
				"${BUILT_PRODUCTS_DIR}/JWTDecode/JWTDecode.framework",
				"${BUILT_PRODUCTS_DIR}/ObjectMapper/ObjectMapper.framework",
				"${BUILT_PRODUCTS_DIR}/SQLite.swift/SQLite.framework",
				"${BUILT_PRODUCTS_DIR}/SocketRocket/SocketRocket.framework",
				"${BUILT_PRODUCTS_DIR}/StompClientLib/StompClientLib.framework",
				"${BUILT_PRODUCTS_DIR}/SwiftKeychainWrapper/SwiftKeychainWrapper.framework",
				"${BUILT_PRODUCTS_DIR}/SwiftyJSON/SwiftyJSON.framework",
				"${BUILT_PRODUCTS_DIR}/Trilateration3D/Trilateration3D.framework",
			);
			name = "[CP] Embed Pods Frameworks";
			outputPaths = (
				"${TARGET_BUILD_DIR}/${FRAMEWORKS_FOLDER_PATH}/Alamofire.framework",
				"${TARGET_BUILD_DIR}/${FRAMEWORKS_FOLDER_PATH}/AlamofireObjectMapper.framework",
				"${TARGET_BUILD_DIR}/${FRAMEWORKS_FOLDER_PATH}/JWTDecode.framework",
				"${TARGET_BUILD_DIR}/${FRAMEWORKS_FOLDER_PATH}/ObjectMapper.framework",
				"${TARGET_BUILD_DIR}/${FRAMEWORKS_FOLDER_PATH}/SQLite.framework",
				"${TARGET_BUILD_DIR}/${FRAMEWORKS_FOLDER_PATH}/SocketRocket.framework",
				"${TARGET_BUILD_DIR}/${FRAMEWORKS_FOLDER_PATH}/StompClientLib.framework",
				"${TARGET_BUILD_DIR}/${FRAMEWORKS_FOLDER_PATH}/SwiftKeychainWrapper.framework",
				"${TARGET_BUILD_DIR}/${FRAMEWORKS_FOLDER_PATH}/SwiftyJSON.framework",
				"${TARGET_BUILD_DIR}/${FRAMEWORKS_FOLDER_PATH}/Trilateration3D.framework",
			);
			runOnlyForDeploymentPostprocessing = 0;
			shellPath = /bin/sh;
			shellScript = "\"${SRCROOT}/Pods/Target Support Files/Pods-ARMonitoring/Pods-ARMonitoring-frameworks.sh\"\n";
			showEnvVarsInLog = 0;
		};
		0E2567ED4AE5B0E4FBC61C8C /* [CP] Copy Pods Resources */ = {
			isa = PBXShellScriptBuildPhase;
			buildActionMask = 2147483647;
			files = (
			);
			inputPaths = (
			);
			name = "[CP] Copy Pods Resources";
			outputPaths = (
			);
			runOnlyForDeploymentPostprocessing = 0;
			shellPath = /bin/sh;
			shellScript = "\"${SRCROOT}/Pods/Target Support Files/Pods-ARMonitoring/Pods-ARMonitoring-resources.sh\"\n";
			showEnvVarsInLog = 0;
		};
		26C8E23B119048C7CB361051 /* [CP] Embed Pods Frameworks */ = {
			isa = PBXShellScriptBuildPhase;
			buildActionMask = 2147483647;
			files = (
			);
			inputPaths = (
			);
			name = "[CP] Embed Pods Frameworks";
			outputPaths = (
			);
			runOnlyForDeploymentPostprocessing = 0;
			shellPath = /bin/sh;
			shellScript = "\"${SRCROOT}/Pods/Target Support Files/Pods-ARMonitoringUITests/Pods-ARMonitoringUITests-frameworks.sh\"\n";
			showEnvVarsInLog = 0;
		};
		2797522DF355789784FA1427 /* [CP] Check Pods Manifest.lock */ = {
			isa = PBXShellScriptBuildPhase;
			buildActionMask = 2147483647;
			files = (
			);
			inputPaths = (
				"${PODS_PODFILE_DIR_PATH}/Podfile.lock",
				"${PODS_ROOT}/Manifest.lock",
			);
			name = "[CP] Check Pods Manifest.lock";
			outputPaths = (
				"$(DERIVED_FILE_DIR)/Pods-ARMonitoringUITests-checkManifestLockResult.txt",
			);
			runOnlyForDeploymentPostprocessing = 0;
			shellPath = /bin/sh;
			shellScript = "diff \"${PODS_PODFILE_DIR_PATH}/Podfile.lock\" \"${PODS_ROOT}/Manifest.lock\" > /dev/null\nif [ $? != 0 ] ; then\n    # print error to STDERR\n    echo \"error: The sandbox is not in sync with the Podfile.lock. Run 'pod install' or update your CocoaPods installation.\" >&2\n    exit 1\nfi\n# This output is used by Xcode 'outputs' to avoid re-running this script phase.\necho \"SUCCESS\" > \"${SCRIPT_OUTPUT_FILE_0}\"\n";
			showEnvVarsInLog = 0;
		};
		364716DC78725EFB35DBA2B2 /* [CP] Check Pods Manifest.lock */ = {
			isa = PBXShellScriptBuildPhase;
			buildActionMask = 2147483647;
			files = (
			);
			inputPaths = (
				"${PODS_PODFILE_DIR_PATH}/Podfile.lock",
				"${PODS_ROOT}/Manifest.lock",
			);
			name = "[CP] Check Pods Manifest.lock";
			outputPaths = (
				"$(DERIVED_FILE_DIR)/Pods-ARMonitoringTests-checkManifestLockResult.txt",
			);
			runOnlyForDeploymentPostprocessing = 0;
			shellPath = /bin/sh;
			shellScript = "diff \"${PODS_PODFILE_DIR_PATH}/Podfile.lock\" \"${PODS_ROOT}/Manifest.lock\" > /dev/null\nif [ $? != 0 ] ; then\n    # print error to STDERR\n    echo \"error: The sandbox is not in sync with the Podfile.lock. Run 'pod install' or update your CocoaPods installation.\" >&2\n    exit 1\nfi\n# This output is used by Xcode 'outputs' to avoid re-running this script phase.\necho \"SUCCESS\" > \"${SCRIPT_OUTPUT_FILE_0}\"\n";
			showEnvVarsInLog = 0;
		};
		5E7FB13433FBE67E2DFB3C41 /* [CP] Copy Pods Resources */ = {
			isa = PBXShellScriptBuildPhase;
			buildActionMask = 2147483647;
			files = (
			);
			inputPaths = (
			);
			name = "[CP] Copy Pods Resources";
			outputPaths = (
			);
			runOnlyForDeploymentPostprocessing = 0;
			shellPath = /bin/sh;
			shellScript = "\"${SRCROOT}/Pods/Target Support Files/Pods-ARMonitoringTests/Pods-ARMonitoringTests-resources.sh\"\n";
			showEnvVarsInLog = 0;
		};
		63E917412CBDDFA6413C5BD2 /* [CP] Check Pods Manifest.lock */ = {
			isa = PBXShellScriptBuildPhase;
			buildActionMask = 2147483647;
			files = (
			);
			inputPaths = (
				"${PODS_PODFILE_DIR_PATH}/Podfile.lock",
				"${PODS_ROOT}/Manifest.lock",
			);
			name = "[CP] Check Pods Manifest.lock";
			outputPaths = (
				"$(DERIVED_FILE_DIR)/Pods-ARMonitoring-checkManifestLockResult.txt",
			);
			runOnlyForDeploymentPostprocessing = 0;
			shellPath = /bin/sh;
			shellScript = "diff \"${PODS_PODFILE_DIR_PATH}/Podfile.lock\" \"${PODS_ROOT}/Manifest.lock\" > /dev/null\nif [ $? != 0 ] ; then\n    # print error to STDERR\n    echo \"error: The sandbox is not in sync with the Podfile.lock. Run 'pod install' or update your CocoaPods installation.\" >&2\n    exit 1\nfi\n# This output is used by Xcode 'outputs' to avoid re-running this script phase.\necho \"SUCCESS\" > \"${SCRIPT_OUTPUT_FILE_0}\"\n";
			showEnvVarsInLog = 0;
		};
		B33F3EF421DBA8A5539BE548 /* [CP] Embed Pods Frameworks */ = {
			isa = PBXShellScriptBuildPhase;
			buildActionMask = 2147483647;
			files = (
			);
			inputPaths = (
			);
			name = "[CP] Embed Pods Frameworks";
			outputPaths = (
			);
			runOnlyForDeploymentPostprocessing = 0;
			shellPath = /bin/sh;
			shellScript = "\"${SRCROOT}/Pods/Target Support Files/Pods-ARMonitoringTests/Pods-ARMonitoringTests-frameworks.sh\"\n";
			showEnvVarsInLog = 0;
		};
		B5806CFDE0DB7C55A9AAF757 /* [CP] Copy Pods Resources */ = {
			isa = PBXShellScriptBuildPhase;
			buildActionMask = 2147483647;
			files = (
			);
			inputPaths = (
			);
			name = "[CP] Copy Pods Resources";
			outputPaths = (
			);
			runOnlyForDeploymentPostprocessing = 0;
			shellPath = /bin/sh;
			shellScript = "\"${SRCROOT}/Pods/Target Support Files/Pods-ARMonitoringUITests/Pods-ARMonitoringUITests-resources.sh\"\n";
			showEnvVarsInLog = 0;
		};
/* End PBXShellScriptBuildPhase section */

/* Begin PBXSourcesBuildPhase section */
		82E91D0B20002ABC00005705 /* Sources */ = {
			isa = PBXSourcesBuildPhase;
			buildActionMask = 2147483647;
			files = (
				82816BB0205C073100371E3B /* BeaconLocationService.swift in Sources */,
				82816BA4205B2A6B00371E3B /* UserInfo.swift in Sources */,
				82816BB92061C65600371E3B /* DBInitializer.swift in Sources */,
				82816BBF2061CC3500371E3B /* ConnectionFactory.swift in Sources */,
				82E91D4820004BE500005705 /* DataLog.swift in Sources */,
				82E53524200FED8E0049C5B4 /* SCNodeExtension.swift in Sources */,
				82EBE7B720110DE9003DCB7E /* Room.swift in Sources */,
				829422DA2069665A003936D7 /* BeaconService.swift in Sources */,
				82816BAC205BF72700371E3B /* BeaconsTableViewController.swift in Sources */,
				82816BB2205C087300371E3B /* Vector3Extension.swift in Sources */,
				82816BC12061D0D600371E3B /* BeaconSqliteDto.swift in Sources */,
				82B97EB1206AD171004E91D7 /* RoomForARDto.swift in Sources */,
				82E5351E200FEC040049C5B4 /* ItemNode.swift in Sources */,
				82816B9C205ADB9400371E3B /* User.swift in Sources */,
				82E53527200FEFE50049C5B4 /* StompClientService.swift in Sources */,
				82EBE7BE201DFF8F003DCB7E /* UIImageViewExtension.swift in Sources */,
				82816BBD2061CAFC00371E3B /* BeaconDaoImpl.swift in Sources */,
				82816BBB2061CAE400371E3B /* BeaconDao.swift in Sources */,
				82816BA6205B41B800371E3B /* LoginViewController.swift in Sources */,
				82816BAA205BEF7D00371E3B /* SessionService.swift in Sources */,
				82E53522200FED5D0049C5B4 /* ARSCNViewExtension.swift in Sources */,
				82EBE7BC201159B1003DCB7E /* Information.swift in Sources */,
				82816BB4205D088A00371E3B /* BeaconCalibrationDto.swift in Sources */,
				82EBE7B5201107D5003DCB7E /* Item.swift in Sources */,
				82E53520200FED2F0049C5B4 /* SCNVector3Extension.swift in Sources */,
				82E91D1320002ABC00005705 /* AppDelegate.swift in Sources */,
				82816B9F205AF05E00371E3B /* AuthenticationRestService.swift in Sources */,
				82E5351A200FE4520049C5B4 /* ARViewController.swift in Sources */,
				82EBE7B920111B50003DCB7E /* StringExtension.swift in Sources */,
				82E53529201014940049C5B4 /* StompClientDelegate.swift in Sources */,
				82816BAE205BF88A00371E3B /* Beacon.swift in Sources */,
				82816BA2205B167E00371E3B /* LoginDto.swift in Sources */,
			);
			runOnlyForDeploymentPostprocessing = 0;
		};
		82E91D2120002ABC00005705 /* Sources */ = {
			isa = PBXSourcesBuildPhase;
			buildActionMask = 2147483647;
			files = (
				82E91D2A20002ABC00005705 /* ARMonitoringTests.swift in Sources */,
			);
			runOnlyForDeploymentPostprocessing = 0;
		};
		82E91D2C20002ABC00005705 /* Sources */ = {
			isa = PBXSourcesBuildPhase;
			buildActionMask = 2147483647;
			files = (
				82E91D3520002ABC00005705 /* ARMonitoringUITests.swift in Sources */,
			);
			runOnlyForDeploymentPostprocessing = 0;
		};
/* End PBXSourcesBuildPhase section */

/* Begin PBXTargetDependency section */
		82E91D2720002ABC00005705 /* PBXTargetDependency */ = {
			isa = PBXTargetDependency;
			target = 82E91D0E20002ABC00005705 /* ARMonitoring */;
			targetProxy = 82E91D2620002ABC00005705 /* PBXContainerItemProxy */;
		};
		82E91D3220002ABC00005705 /* PBXTargetDependency */ = {
			isa = PBXTargetDependency;
			target = 82E91D0E20002ABC00005705 /* ARMonitoring */;
			targetProxy = 82E91D3120002ABC00005705 /* PBXContainerItemProxy */;
		};
/* End PBXTargetDependency section */

/* Begin PBXVariantGroup section */
		82E91D1820002ABC00005705 /* Main.storyboard */ = {
			isa = PBXVariantGroup;
			children = (
				82E91D1920002ABC00005705 /* Base */,
			);
			name = Main.storyboard;
			sourceTree = "<group>";
		};
		82E91D1D20002ABC00005705 /* LaunchScreen.storyboard */ = {
			isa = PBXVariantGroup;
			children = (
				82E91D1E20002ABC00005705 /* Base */,
			);
			name = LaunchScreen.storyboard;
			sourceTree = "<group>";
		};
/* End PBXVariantGroup section */

/* Begin XCBuildConfiguration section */
		82E91D3720002ABC00005705 /* Debug */ = {
			isa = XCBuildConfiguration;
			buildSettings = {
				ALWAYS_SEARCH_USER_PATHS = NO;
				CLANG_ANALYZER_NONNULL = YES;
				CLANG_ANALYZER_NUMBER_OBJECT_CONVERSION = YES_AGGRESSIVE;
				CLANG_CXX_LANGUAGE_STANDARD = "gnu++14";
				CLANG_CXX_LIBRARY = "libc++";
				CLANG_ENABLE_MODULES = YES;
				CLANG_ENABLE_OBJC_ARC = YES;
				CLANG_WARN_BLOCK_CAPTURE_AUTORELEASING = YES;
				CLANG_WARN_BOOL_CONVERSION = YES;
				CLANG_WARN_COMMA = YES;
				CLANG_WARN_CONSTANT_CONVERSION = YES;
				CLANG_WARN_DEPRECATED_OBJC_IMPLEMENTATIONS = YES;
				CLANG_WARN_DIRECT_OBJC_ISA_USAGE = YES_ERROR;
				CLANG_WARN_DOCUMENTATION_COMMENTS = YES;
				CLANG_WARN_EMPTY_BODY = YES;
				CLANG_WARN_ENUM_CONVERSION = YES;
				CLANG_WARN_INFINITE_RECURSION = YES;
				CLANG_WARN_INT_CONVERSION = YES;
				CLANG_WARN_NON_LITERAL_NULL_CONVERSION = YES;
				CLANG_WARN_OBJC_IMPLICIT_RETAIN_SELF = YES;
				CLANG_WARN_OBJC_LITERAL_CONVERSION = YES;
				CLANG_WARN_OBJC_ROOT_CLASS = YES_ERROR;
				CLANG_WARN_RANGE_LOOP_ANALYSIS = YES;
				CLANG_WARN_STRICT_PROTOTYPES = YES;
				CLANG_WARN_SUSPICIOUS_MOVE = YES;
				CLANG_WARN_UNGUARDED_AVAILABILITY = YES_AGGRESSIVE;
				CLANG_WARN_UNREACHABLE_CODE = YES;
				CLANG_WARN__DUPLICATE_METHOD_MATCH = YES;
				CODE_SIGN_IDENTITY = "iPhone Developer";
				COPY_PHASE_STRIP = NO;
				DEBUG_INFORMATION_FORMAT = dwarf;
				ENABLE_STRICT_OBJC_MSGSEND = YES;
				ENABLE_TESTABILITY = YES;
				GCC_C_LANGUAGE_STANDARD = gnu11;
				GCC_DYNAMIC_NO_PIC = NO;
				GCC_NO_COMMON_BLOCKS = YES;
				GCC_OPTIMIZATION_LEVEL = 0;
				GCC_PREPROCESSOR_DEFINITIONS = (
					"DEBUG=1",
					"$(inherited)",
				);
				GCC_WARN_64_TO_32_BIT_CONVERSION = YES;
				GCC_WARN_ABOUT_RETURN_TYPE = YES_ERROR;
				GCC_WARN_UNDECLARED_SELECTOR = YES;
				GCC_WARN_UNINITIALIZED_AUTOS = YES_AGGRESSIVE;
				GCC_WARN_UNUSED_FUNCTION = YES;
				GCC_WARN_UNUSED_VARIABLE = YES;
				IPHONEOS_DEPLOYMENT_TARGET = 11.2;
				MTL_ENABLE_DEBUG_INFO = YES;
				ONLY_ACTIVE_ARCH = YES;
				SDKROOT = iphoneos;
				SWIFT_ACTIVE_COMPILATION_CONDITIONS = DEBUG;
				SWIFT_OPTIMIZATION_LEVEL = "-Onone";
			};
			name = Debug;
		};
		82E91D3820002ABC00005705 /* Release */ = {
			isa = XCBuildConfiguration;
			buildSettings = {
				ALWAYS_SEARCH_USER_PATHS = NO;
				CLANG_ANALYZER_NONNULL = YES;
				CLANG_ANALYZER_NUMBER_OBJECT_CONVERSION = YES_AGGRESSIVE;
				CLANG_CXX_LANGUAGE_STANDARD = "gnu++14";
				CLANG_CXX_LIBRARY = "libc++";
				CLANG_ENABLE_MODULES = YES;
				CLANG_ENABLE_OBJC_ARC = YES;
				CLANG_WARN_BLOCK_CAPTURE_AUTORELEASING = YES;
				CLANG_WARN_BOOL_CONVERSION = YES;
				CLANG_WARN_COMMA = YES;
				CLANG_WARN_CONSTANT_CONVERSION = YES;
				CLANG_WARN_DEPRECATED_OBJC_IMPLEMENTATIONS = YES;
				CLANG_WARN_DIRECT_OBJC_ISA_USAGE = YES_ERROR;
				CLANG_WARN_DOCUMENTATION_COMMENTS = YES;
				CLANG_WARN_EMPTY_BODY = YES;
				CLANG_WARN_ENUM_CONVERSION = YES;
				CLANG_WARN_INFINITE_RECURSION = YES;
				CLANG_WARN_INT_CONVERSION = YES;
				CLANG_WARN_NON_LITERAL_NULL_CONVERSION = YES;
				CLANG_WARN_OBJC_IMPLICIT_RETAIN_SELF = YES;
				CLANG_WARN_OBJC_LITERAL_CONVERSION = YES;
				CLANG_WARN_OBJC_ROOT_CLASS = YES_ERROR;
				CLANG_WARN_RANGE_LOOP_ANALYSIS = YES;
				CLANG_WARN_STRICT_PROTOTYPES = YES;
				CLANG_WARN_SUSPICIOUS_MOVE = YES;
				CLANG_WARN_UNGUARDED_AVAILABILITY = YES_AGGRESSIVE;
				CLANG_WARN_UNREACHABLE_CODE = YES;
				CLANG_WARN__DUPLICATE_METHOD_MATCH = YES;
				CODE_SIGN_IDENTITY = "iPhone Developer";
				COPY_PHASE_STRIP = NO;
				DEBUG_INFORMATION_FORMAT = "dwarf-with-dsym";
				ENABLE_NS_ASSERTIONS = NO;
				ENABLE_STRICT_OBJC_MSGSEND = YES;
				GCC_C_LANGUAGE_STANDARD = gnu11;
				GCC_NO_COMMON_BLOCKS = YES;
				GCC_WARN_64_TO_32_BIT_CONVERSION = YES;
				GCC_WARN_ABOUT_RETURN_TYPE = YES_ERROR;
				GCC_WARN_UNDECLARED_SELECTOR = YES;
				GCC_WARN_UNINITIALIZED_AUTOS = YES_AGGRESSIVE;
				GCC_WARN_UNUSED_FUNCTION = YES;
				GCC_WARN_UNUSED_VARIABLE = YES;
				IPHONEOS_DEPLOYMENT_TARGET = 11.2;
				MTL_ENABLE_DEBUG_INFO = NO;
				SDKROOT = iphoneos;
				SWIFT_OPTIMIZATION_LEVEL = "-Owholemodule";
				VALIDATE_PRODUCT = YES;
			};
			name = Release;
		};
		82E91D3A20002ABC00005705 /* Debug */ = {
			isa = XCBuildConfiguration;
			baseConfigurationReference = 27A5A8D54E89F60A827A9956 /* Pods-ARMonitoring.debug.xcconfig */;
			buildSettings = {
				ASSETCATALOG_COMPILER_APPICON_NAME = AppIcon;
				ASSETCATALOG_COMPILER_LAUNCHIMAGE_NAME = LaunchImage;
				CODE_SIGN_STYLE = Automatic;
				DEVELOPMENT_TEAM = 7L3GY5Q723;
				INFOPLIST_FILE = ARMonitoring/Info.plist;
				LD_RUNPATH_SEARCH_PATHS = "$(inherited) @executable_path/Frameworks";
				PRODUCT_BUNDLE_IDENTIFIER = EHB.ARMonitoring;
				PRODUCT_NAME = "$(TARGET_NAME)";
				SWIFT_VERSION = 4.0;
				TARGETED_DEVICE_FAMILY = "1,2";
			};
			name = Debug;
		};
		82E91D3B20002ABC00005705 /* Release */ = {
			isa = XCBuildConfiguration;
			baseConfigurationReference = DB7DF5825DE044963DE2A8B5 /* Pods-ARMonitoring.release.xcconfig */;
			buildSettings = {
				ASSETCATALOG_COMPILER_APPICON_NAME = AppIcon;
				ASSETCATALOG_COMPILER_LAUNCHIMAGE_NAME = LaunchImage;
				CODE_SIGN_STYLE = Automatic;
				DEVELOPMENT_TEAM = 7L3GY5Q723;
				INFOPLIST_FILE = ARMonitoring/Info.plist;
				LD_RUNPATH_SEARCH_PATHS = "$(inherited) @executable_path/Frameworks";
				PRODUCT_BUNDLE_IDENTIFIER = EHB.ARMonitoring;
				PRODUCT_NAME = "$(TARGET_NAME)";
				SWIFT_VERSION = 4.0;
				TARGETED_DEVICE_FAMILY = "1,2";
			};
			name = Release;
		};
		82E91D3D20002ABC00005705 /* Debug */ = {
			isa = XCBuildConfiguration;
			baseConfigurationReference = 245F119FF2755A99F08448D9 /* Pods-ARMonitoringTests.debug.xcconfig */;
			buildSettings = {
				ALWAYS_EMBED_SWIFT_STANDARD_LIBRARIES = YES;
				BUNDLE_LOADER = "$(TEST_HOST)";
				CODE_SIGN_STYLE = Automatic;
				DEVELOPMENT_TEAM = 7L3GY5Q723;
				INFOPLIST_FILE = ARMonitoringTests/Info.plist;
				LD_RUNPATH_SEARCH_PATHS = "$(inherited) @executable_path/Frameworks @loader_path/Frameworks";
				PRODUCT_BUNDLE_IDENTIFIER = EHB.ARMonitoringTests;
				PRODUCT_NAME = "$(TARGET_NAME)";
				SWIFT_VERSION = 4.0;
				TARGETED_DEVICE_FAMILY = "1,2";
				TEST_HOST = "$(BUILT_PRODUCTS_DIR)/ARMonitoring.app/ARMonitoring";
			};
			name = Debug;
		};
		82E91D3E20002ABC00005705 /* Release */ = {
			isa = XCBuildConfiguration;
			baseConfigurationReference = A018690E0524F688EADD6C17 /* Pods-ARMonitoringTests.release.xcconfig */;
			buildSettings = {
				ALWAYS_EMBED_SWIFT_STANDARD_LIBRARIES = YES;
				BUNDLE_LOADER = "$(TEST_HOST)";
				CODE_SIGN_STYLE = Automatic;
				DEVELOPMENT_TEAM = 7L3GY5Q723;
				INFOPLIST_FILE = ARMonitoringTests/Info.plist;
				LD_RUNPATH_SEARCH_PATHS = "$(inherited) @executable_path/Frameworks @loader_path/Frameworks";
				PRODUCT_BUNDLE_IDENTIFIER = EHB.ARMonitoringTests;
				PRODUCT_NAME = "$(TARGET_NAME)";
				SWIFT_VERSION = 4.0;
				TARGETED_DEVICE_FAMILY = "1,2";
				TEST_HOST = "$(BUILT_PRODUCTS_DIR)/ARMonitoring.app/ARMonitoring";
			};
			name = Release;
		};
		82E91D4020002ABC00005705 /* Debug */ = {
			isa = XCBuildConfiguration;
			baseConfigurationReference = A6AE96F6944040492F9B42BA /* Pods-ARMonitoringUITests.debug.xcconfig */;
			buildSettings = {
				ALWAYS_EMBED_SWIFT_STANDARD_LIBRARIES = YES;
				CODE_SIGN_STYLE = Automatic;
				DEVELOPMENT_TEAM = 7L3GY5Q723;
				INFOPLIST_FILE = ARMonitoringUITests/Info.plist;
				LD_RUNPATH_SEARCH_PATHS = "$(inherited) @executable_path/Frameworks @loader_path/Frameworks";
				PRODUCT_BUNDLE_IDENTIFIER = EHB.ARMonitoringUITests;
				PRODUCT_NAME = "$(TARGET_NAME)";
				SWIFT_VERSION = 4.0;
				TARGETED_DEVICE_FAMILY = "1,2";
				TEST_TARGET_NAME = ARMonitoring;
			};
			name = Debug;
		};
		82E91D4120002ABC00005705 /* Release */ = {
			isa = XCBuildConfiguration;
			baseConfigurationReference = 8F8BDCFDA6B73D31A23F5634 /* Pods-ARMonitoringUITests.release.xcconfig */;
			buildSettings = {
				ALWAYS_EMBED_SWIFT_STANDARD_LIBRARIES = YES;
				CODE_SIGN_STYLE = Automatic;
				DEVELOPMENT_TEAM = 7L3GY5Q723;
				INFOPLIST_FILE = ARMonitoringUITests/Info.plist;
				LD_RUNPATH_SEARCH_PATHS = "$(inherited) @executable_path/Frameworks @loader_path/Frameworks";
				PRODUCT_BUNDLE_IDENTIFIER = EHB.ARMonitoringUITests;
				PRODUCT_NAME = "$(TARGET_NAME)";
				SWIFT_VERSION = 4.0;
				TARGETED_DEVICE_FAMILY = "1,2";
				TEST_TARGET_NAME = ARMonitoring;
			};
			name = Release;
		};
/* End XCBuildConfiguration section */

/* Begin XCConfigurationList section */
		82E91D0A20002ABC00005705 /* Build configuration list for PBXProject "ARMonitoring" */ = {
			isa = XCConfigurationList;
			buildConfigurations = (
				82E91D3720002ABC00005705 /* Debug */,
				82E91D3820002ABC00005705 /* Release */,
			);
			defaultConfigurationIsVisible = 0;
			defaultConfigurationName = Release;
		};
		82E91D3920002ABC00005705 /* Build configuration list for PBXNativeTarget "ARMonitoring" */ = {
			isa = XCConfigurationList;
			buildConfigurations = (
				82E91D3A20002ABC00005705 /* Debug */,
				82E91D3B20002ABC00005705 /* Release */,
			);
			defaultConfigurationIsVisible = 0;
			defaultConfigurationName = Release;
		};
		82E91D3C20002ABC00005705 /* Build configuration list for PBXNativeTarget "ARMonitoringTests" */ = {
			isa = XCConfigurationList;
			buildConfigurations = (
				82E91D3D20002ABC00005705 /* Debug */,
				82E91D3E20002ABC00005705 /* Release */,
			);
			defaultConfigurationIsVisible = 0;
			defaultConfigurationName = Release;
		};
		82E91D3F20002ABC00005705 /* Build configuration list for PBXNativeTarget "ARMonitoringUITests" */ = {
			isa = XCConfigurationList;
			buildConfigurations = (
				82E91D4020002ABC00005705 /* Debug */,
				82E91D4120002ABC00005705 /* Release */,
			);
			defaultConfigurationIsVisible = 0;
			defaultConfigurationName = Release;
		};
/* End XCConfigurationList section */
	};
	rootObject = 82E91D0720002ABC00005705 /* Project object */;
}
